
Microsoft Visual Studio Solution File, Format Version 12.00
# Visual Studio 15
VisualStudioVersion = 15.0.27703.2035
MinimumVisualStudioVersion = 10.0.40219.1
Project("{FAE04EC0-301F-11D3-BF4B-00C04F79EFBC}") = "Runner", "Runner\Runner.csproj", "{79F01018-3B6A-4DC4-AC85-77383DA6BD10}"
EndProject
Project("{FAE04EC0-301F-11D3-BF4B-00C04F79EFBC}") = "Core.Data", "Core.Data\Core.Data.csproj", "{342E1C45-177D-4FC7-8B08-A5CD6DF7780D}"
EndProject
Project("{FAE04EC0-301F-11D3-BF4B-00C04F79EFBC}") = "Core.Common", "Core.Common\Core.Common.csproj", "{A4963396-A116-4128-ADD6-CC6B11789F57}"
EndProject
Project("{FAE04EC0-301F-11D3-BF4B-00C04F79EFBC}") = "Tester", "Tester\Tester.csproj", "{C14FB2C9-3890-4806-9835-F7B79BA3CDFA}"
EndProject
Project("{9A19103F-16F7-4668-BE54-9A1E7A4F7556}") = "Nez", "..\Nez\Nez.Portable\Nez.csproj", "{2611AAF7-2EBE-42FA-82B5-7A0B23A02132}"
EndProject
Project("{9A19103F-16F7-4668-BE54-9A1E7A4F7556}") = "Nez.PipelineImporter", "..\Nez\Nez.PipelineImporter\Nez.PipelineImporter.csproj", "{A2ADE5B3-A183-42F7-A56C-162DC6A385DA}"
EndProject
Global
	GlobalSection(SolutionConfigurationPlatforms) = preSolution
		Debug|Any CPU = Debug|Any CPU
		Release|Any CPU = Release|Any CPU
	EndGlobalSection
	GlobalSection(ProjectConfigurationPlatforms) = postSolution
		{79F01018-3B6A-4DC4-AC85-77383DA6BD10}.Debug|Any CPU.ActiveCfg = Debug|Any CPU
		{79F01018-3B6A-4DC4-AC85-77383DA6BD10}.Debug|Any CPU.Build.0 = Debug|Any CPU
		{79F01018-3B6A-4DC4-AC85-77383DA6BD10}.Release|Any CPU.ActiveCfg = Release|Any CPU
		{79F01018-3B6A-4DC4-AC85-77383DA6BD10}.Release|Any CPU.Build.0 = Release|Any CPU
		{342E1C45-177D-4FC7-8B08-A5CD6DF7780D}.Debug|Any CPU.ActiveCfg = Debug|Any CPU
		{342E1C45-177D-4FC7-8B08-A5CD6DF7780D}.Debug|Any CPU.Build.0 = Debug|Any CPU
		{342E1C45-177D-4FC7-8B08-A5CD6DF7780D}.Release|Any CPU.ActiveCfg = Release|Any CPU
		{342E1C45-177D-4FC7-8B08-A5CD6DF7780D}.Release|Any CPU.Build.0 = Release|Any CPU
		{A4963396-A116-4128-ADD6-CC6B11789F57}.Debug|Any CPU.ActiveCfg = Debug|Any CPU
		{A4963396-A116-4128-ADD6-CC6B11789F57}.Debug|Any CPU.Build.0 = Debug|Any CPU
		{A4963396-A116-4128-ADD6-CC6B11789F57}.Release|Any CPU.ActiveCfg = Release|Any CPU
		{A4963396-A116-4128-ADD6-CC6B11789F57}.Release|Any CPU.Build.0 = Release|Any CPU
		{C14FB2C9-3890-4806-9835-F7B79BA3CDFA}.Debug|Any CPU.ActiveCfg = Debug|Any CPU
		{C14FB2C9-3890-4806-9835-F7B79BA3CDFA}.Debug|Any CPU.Build.0 = Debug|Any CPU
		{C14FB2C9-3890-4806-9835-F7B79BA3CDFA}.Release|Any CPU.ActiveCfg = Release|Any CPU
		{C14FB2C9-3890-4806-9835-F7B79BA3CDFA}.Release|Any CPU.Build.0 = Release|Any CPU
		{2611AAF7-2EBE-42FA-82B5-7A0B23A02132}.Debug|Any CPU.ActiveCfg = Debug|Any CPU
		{2611AAF7-2EBE-42FA-82B5-7A0B23A02132}.Debug|Any CPU.Build.0 = Debug|Any CPU
		{2611AAF7-2EBE-42FA-82B5-7A0B23A02132}.Release|Any CPU.ActiveCfg = Release|Any CPU
		{2611AAF7-2EBE-42FA-82B5-7A0B23A02132}.Release|Any CPU.Build.0 = Release|Any CPU
		{A2ADE5B3-A183-42F7-A56C-162DC6A385DA}.Debug|Any CPU.ActiveCfg = Debug|Any CPU
		{A2ADE5B3-A183-42F7-A56C-162DC6A385DA}.Debug|Any CPU.Build.0 = Debug|Any CPU
		{A2ADE5B3-A183-42F7-A56C-162DC6A385DA}.Release|Any CPU.ActiveCfg = Release|Any CPU
		{A2ADE5B3-A183-42F7-A56C-162DC6A385DA}.Release|Any CPU.Build.0 = Release|Any CPU
	EndGlobalSection
	GlobalSection(SolutionProperties) = preSolution
		HideSolutionNode = FALSE
	EndGlobalSection
	GlobalSection(ExtensibilityGlobals) = postSolution
		SolutionGuid = {BD529612-E620-48E1-999B-416DDB203370}
	EndGlobalSection
EndGlobal
